
Microsoft Visual Studio Solution File, Format Version 12.00
# Visual Studio Version 17
VisualStudioVersion = 17.10.35122.118
MinimumVisualStudioVersion = 10.0.40219.1
Project("{FAE04EC0-301F-11D3-BF4B-00C04F79EFBC}") = "FrozenDictionaryPerformance", "FrozenDictionaryPerformance.csproj", "{6586FBB4-0F93-4B2A-BBD4-5EC88B9706EC}"
EndProject
Global
	GlobalSection(SolutionConfigurationPlatforms) = preSolution
		Debug|Any CPU = Debug|Any CPU
		Release|Any CPU = Release|Any CPU
	EndGlobalSection
	GlobalSection(ProjectConfigurationPlatforms) = postSolution
		{6586FBB4-0F93-4B2A-BBD4-5EC88B9706EC}.Debug|Any CPU.ActiveCfg = Debug|Any CPU
		{6586FBB4-0F93-4B2A-BBD4-5EC88B9706EC}.Debug|Any CPU.Build.0 = Debug|Any CPU
		{6586FBB4-0F93-4B2A-BBD4-5EC88B9706EC}.Release|Any CPU.ActiveCfg = Release|Any CPU
		{6586FBB4-0F93-4B2A-BBD4-5EC88B9706EC}.Release|Any CPU.Build.0 = Release|Any CPU
	EndGlobalSection
	GlobalSection(SolutionProperties) = preSolution
		HideSolutionNode = FALSE
	EndGlobalSection
	GlobalSection(ExtensibilityGlobals) = postSolution
		SolutionGuid = {76E9A424-6FEA-4ACC-91B7-9C6E9D3204E7}
	EndGlobalSection
EndGlobal
